// !$*UTF8*$!
{
	archiveVersion = 1;
	classes = {
	};
	objectVersion = 46;
	objects = {

/* Begin PBXBuildFile section */
		C5FBF4191CD338AB00028253 /* main.m in Sources */ = {isa = PBXBuildFile; fileRef = C5FBF4181CD338AB00028253 /* main.m */; };
		C5FBF41C1CD338AB00028253 /* AppDelegate.m in Sources */ = {isa = PBXBuildFile; fileRef = C5FBF41B1CD338AB00028253 /* AppDelegate.m */; };
		C5FBF41F1CD338AB00028253 /* ViewController.m in Sources */ = {isa = PBXBuildFile; fileRef = C5FBF41E1CD338AB00028253 /* ViewController.m */; };
		C5FBF4221CD338AB00028253 /* Main.storyboard in Resources */ = {isa = PBXBuildFile; fileRef = C5FBF4201CD338AB00028253 /* Main.storyboard */; };
		C5FBF4241CD338AB00028253 /* Assets.xcassets in Resources */ = {isa = PBXBuildFile; fileRef = C5FBF4231CD338AB00028253 /* Assets.xcassets */; };
		C5FBF4271CD338AB00028253 /* LaunchScreen.storyboard in Resources */ = {isa = PBXBuildFile; fileRef = C5FBF4251CD338AB00028253 /* LaunchScreen.storyboard */; };
		C5FBF4301CD33AFA00028253 /* UINavigationBar+Awesome.m in Sources */ = {isa = PBXBuildFile; fileRef = C5FBF42F1CD33AFA00028253 /* UINavigationBar+Awesome.m */; };
/* End PBXBuildFile section */

/* Begin PBXFileReference section */
		C5FBF4141CD338AB00028253 /* AssociateObjectTest.app */ = {isa = PBXFileReference; explicitFileType = wrapper.application; includeInIndex = 0; path = AssociateObjectTest.app; sourceTree = BUILT_PRODUCTS_DIR; };
		C5FBF4181CD338AB00028253 /* main.m */ = {isa = PBXFileReference; lastKnownFileType = sourcecode.c.objc; path = main.m; sourceTree = "<group>"; };
		C5FBF41A1CD338AB00028253 /* AppDelegate.h */ = {isa = PBXFileReference; lastKnownFileType = sourcecode.c.h; path = AppDelegate.h; sourceTree = "<group>"; };
		C5FBF41B1CD338AB00028253 /* AppDelegate.m */ = {isa = PBXFileReference; lastKnownFileType = sourcecode.c.objc; path = AppDelegate.m; sourceTree = "<group>"; };
		C5FBF41D1CD338AB00028253 /* ViewController.h */ = {isa = PBXFileReference; lastKnownFileType = sourcecode.c.h; path = ViewController.h; sourceTree = "<group>"; };
		C5FBF41E1CD338AB00028253 /* ViewController.m */ = {isa = PBXFileReference; lastKnownFileType = sourcecode.c.objc; path = ViewController.m; sourceTree = "<group>"; };
		C5FBF4211CD338AB00028253 /* Base */ = {isa = PBXFileReference; lastKnownFileType = file.storyboard; name = Base; path = Base.lproj/Main.storyboard; sourceTree = "<group>"; };
		C5FBF4231CD338AB00028253 /* Assets.xcassets */ = {isa = PBXFileReference; lastKnownFileType = folder.assetcatalog; path = Assets.xcassets; sourceTree = "<group>"; };
		C5FBF4261CD338AB00028253 /* Base */ = {isa = PBXFileReference; lastKnownFileType = file.storyboard; name = Base; path = Base.lproj/LaunchScreen.storyboard; sourceTree = "<group>"; };
		C5FBF4281CD338AB00028253 /* Info.plist */ = {isa = PBXFileReference; lastKnownFileType = text.plist.xml; path = Info.plist; sourceTree = "<group>"; };
		C5FBF42E1CD33AFA00028253 /* UINavigationBar+Awesome.h */ = {isa = PBXFileReference; fileEncoding = 4; lastKnownFileType = sourcecode.c.h; path = "UINavigationBar+Awesome.h"; sourceTree = "<group>"; };
		C5FBF42F1CD33AFA00028253 /* UINavigationBar+Awesome.m */ = {isa = PBXFileReference; fileEncoding = 4; lastKnownFileType = sourcecode.c.objc; path = "UINavigationBar+Awesome.m"; sourceTree = "<group>"; };
/* End PBXFileReference section */

/* Begin PBXFrameworksBuildPhase section */
		C5FBF4111CD338AB00028253 /* Frameworks */ = {
			isa = PBXFrameworksBuildPhase;
			buildActionMask = 2147483647;
			files = (
			);
			runOnlyForDeploymentPostprocessing = 0;
		};
/* End PBXFrameworksBuildPhase section */

/* Begin PBXGroup section */
		C5FBF40B1CD338AB00028253 = {
			isa = PBXGroup;
			children = (
				C5FBF4161CD338AB00028253 /* AssociateObjectTest */,
				C5FBF4151CD338AB00028253 /* Products */,
			);
			sourceTree = "<group>";
		};
		C5FBF4151CD338AB00028253 /* Products */ = {
			isa = PBXGroup;
			children = (
				C5FBF4141CD338AB00028253 /* AssociateObjectTest.app */,
			);
			name = Products;
			sourceTree = "<group>";
		};
		C5FBF4161CD338AB00028253 /* AssociateObjectTest */ = {
			isa = PBXGroup;
			children = (
				C5FBF42E1CD33AFA00028253 /* UINavigationBar+Awesome.h */,
				C5FBF42F1CD33AFA00028253 /* UINavigationBar+Awesome.m */,
				C5FBF41A1CD338AB00028253 /* AppDelegate.h */,
				C5FBF41B1CD338AB00028253 /* AppDelegate.m */,
				C5FBF41D1CD338AB00028253 /* ViewController.h */,
				C5FBF41E1CD338AB00028253 /* ViewController.m */,
				C5FBF4201CD338AB00028253 /* Main.storyboard */,
				C5FBF4231CD338AB00028253 /* Assets.xcassets */,
				C5FBF4251CD338AB00028253 /* LaunchScreen.storyboard */,
				C5FBF4281CD338AB00028253 /* Info.plist */,
				C5FBF4171CD338AB00028253 /* Supporting Files */,
			);
			path = AssociateObjectTest;
			sourceTree = "<group>";
		};
		C5FBF4171CD338AB00028253 /* Supporting Files */ = {
			isa = PBXGroup;
			children = (
				C5FBF4181CD338AB00028253 /* main.m */,
			);
			name = "Supporting Files";
			sourceTree = "<group>";
		};
/* End PBXGroup section */

/* Begin PBXNativeTarget section */
		C5FBF4131CD338AB00028253 /* AssociateObjectTest */ = {
			isa = PBXNativeTarget;
			buildConfigurationList = C5FBF42B1CD338AB00028253 /* Build configuration list for PBXNativeTarget "AssociateObjectTest" */;
			buildPhases = (
				C5FBF4101CD338AB00028253 /* Sources */,
				C5FBF4111CD338AB00028253 /* Frameworks */,
				C5FBF4121CD338AB00028253 /* Resources */,
			);
			buildRules = (
			);
			dependencies = (
			);
			name = AssociateObjectTest;
			productName = AssociateObjectTest;
			productReference = C5FBF4141CD338AB00028253 /* AssociateObjectTest.app */;
			productType = "com.apple.product-type.application";
		};
/* End PBXNativeTarget section */

/* Begin PBXProject section */
		C5FBF40C1CD338AB00028253 /* Project object */ = {
			isa = PBXProject;
			attributes = {
				LastUpgradeCheck = 0730;
				ORGANIZATIONNAME = mitake;
				TargetAttributes = {
					C5FBF4131CD338AB00028253 = {
						CreatedOnToolsVersion = 7.3;
					};
				};
			};
			buildConfigurationList = C5FBF40F1CD338AB00028253 /* Build configuration list for PBXProject "AssociateObjectTest" */;
			compatibilityVersion = "Xcode 3.2";
			developmentRegion = English;
			hasScannedForEncodings = 0;
			knownRegions = (
				en,
				Base,
			);
			mainGroup = C5FBF40B1CD338AB00028253;
			productRefGroup = C5FBF4151CD338AB00028253 /* Products */;
			projectDirPath = "";
			projectRoot = "";
			targets = (
				C5FBF4131CD338AB00028253 /* AssociateObjectTest */,
			);
		};
/* End PBXProject section */

/* Begin PBXResourcesBuildPhase section */
		C5FBF4121CD338AB00028253 /* Resources */ = {
			isa = PBXResourcesBuildPhase;
			buildActionMask = 2147483647;
			files = (
				C5FBF4271CD338AB00028253 /* LaunchScreen.storyboard in Resources */,
				C5FBF4241CD338AB00028253 /* Assets.xcassets in Resources */,
				C5FBF4221CD338AB00028253 /* Main.storyboard in Resources */,
			);
			runOnlyForDeploymentPostprocessing = 0;
		};
/* End PBXResourcesBuildPhase section */

/* Begin PBXSourcesBuildPhase section */
		C5FBF4101CD338AB00028253 /* Sources */ = {
			isa = PBXSourcesBuildPhase;
			buildActionMask = 2147483647;
			files = (
				C5FBF41F1CD338AB00028253 /* ViewController.m in Sources */,
				C5FBF41C1CD338AB00028253 /* AppDelegate.m in Sources */,
				C5FBF4191CD338AB00028253 /* main.m in Sources */,
				C5FBF4301CD33AFA00028253 /* UINavigationBar+Awesome.m in Sources */,
			);
			runOnlyForDeploymentPostprocessing = 0;
		};
/* End PBXSourcesBuildPhase section */

/* Begin PBXVariantGroup section */
		C5FBF4201CD338AB00028253 /* Main.storyboard */ = {
			isa = PBXVariantGroup;
			children = (
				C5FBF4211CD338AB00028253 /* Base */,
			);
			name = Main.storyboard;
			sourceTree = "<group>";
		};
		C5FBF4251CD338AB00028253 /* LaunchScreen.storyboard */ = {
			isa = PBXVariantGroup;
			children = (
				C5FBF4261CD338AB00028253 /* Base */,
			);
			name = LaunchScreen.storyboard;
			sourceTree = "<group>";
		};
/* End PBXVariantGroup section */

/* Begin XCBuildConfiguration section */
		C5FBF4291CD338AB00028253 /* Debug */ = {
			isa = XCBuildConfiguration;
			buildSettings = {
				ALWAYS_SEARCH_USER_PATHS = NO;
				CLANG_ANALYZER_NONNULL = YES;
				CLANG_CXX_LANGUAGE_STANDARD = "gnu++0x";
				CLANG_CXX_LIBRARY = "libc++";
				CLANG_ENABLE_MODULES = YES;
				CLANG_ENABLE_OBJC_ARC = YES;
				CLANG_WARN_BOOL_CONVERSION = YES;
				CLANG_WARN_CONSTANT_CONVERSION = YES;
				CLANG_WARN_DIRECT_OBJC_ISA_USAGE = YES_ERROR;
				CLANG_WARN_EMPTY_BODY = YES;
				CLANG_WARN_ENUM_CONVERSION = YES;
				CLANG_WARN_INT_CONVERSION = YES;
				CLANG_WARN_OBJC_ROOT_CLASS = YES_ERROR;
				CLANG_WARN_UNREACHABLE_CODE = YES;
				CLANG_WARN__DUPLICATE_METHOD_MATCH = YES;
				"CODE_SIGN_IDENTITY[sdk=iphoneos*]" = "iPhone Developer";
				COPY_PHASE_STRIP = NO;
				DEBUG_INFORMATION_FORMAT = dwarf;
				ENABLE_STRICT_OBJC_MSGSEND = YES;
				ENABLE_TESTABILITY = YES;
				GCC_C_LANGUAGE_STANDARD = gnu99;
				GCC_DYNAMIC_NO_PIC = NO;
				GCC_NO_COMMON_BLOCKS = YES;
				GCC_OPTIMIZATION_LEVEL = 0;
				GCC_PREPROCESSOR_DEFINITIONS = (
					"DEBUG=1",
					"$(inherited)",
				);
				GCC_WARN_64_TO_32_BIT_CONVERSION = YES;
				GCC_WARN_ABOUT_RETURN_TYPE = YES_ERROR;
				GCC_WARN_UNDECLARED_SELECTOR = YES;
				GCC_WARN_UNINITIALIZED_AUTOS = YES_AGGRESSIVE;
				GCC_WARN_UNUSED_FUNCTION = YES;
				GCC_WARN_UNUSED_VARIABLE = YES;
				IPHONEOS_DEPLOYMENT_TARGET = 9.3;
				MTL_ENABLE_DEBUG_INFO = YES;
				ONLY_ACTIVE_ARCH = YES;
				SDKROOT = iphoneos;
				TARGETED_DEVICE_FAMILY = "1,2";
			};
			name = Debug;
		};
		C5FBF42A1CD338AB00028253 /* Release */ = {
			isa = XCBuildConfiguration;
			buildSettings = {
				ALWAYS_SEARCH_USER_PATHS = NO;
				CLANG_ANALYZER_NONNULL = YES;
				CLANG_CXX_LANGUAGE_STANDARD = "gnu++0x";
				CLANG_CXX_LIBRARY = "libc++";
				CLANG_ENABLE_MODULES = YES;
				CLANG_ENABLE_OBJC_ARC = YES;
				CLANG_WARN_BOOL_CONVERSION = YES;
				CLANG_WARN_CONSTANT_CONVERSION = YES;
				CLANG_WARN_DIRECT_OBJC_ISA_USAGE = YES_ERROR;
				CLANG_WARN_EMPTY_BODY = YES;
				CLANG_WARN_ENUM_CONVERSION = YES;
				CLANG_WARN_INT_CONVERSION = YES;
				CLANG_WARN_OBJC_ROOT_CLASS = YES_ERROR;
				CLANG_WARN_UNREACHABLE_CODE = YES;
				CLANG_WARN__DUPLICATE_METHOD_MATCH = YES;
				"CODE_SIGN_IDENTITY[sdk=iphoneos*]" = "iPhone Developer";
				COPY_PHASE_STRIP = NO;
				DEBUG_INFORMATION_FORMAT = "dwarf-with-dsym";
				ENABLE_NS_ASSERTIONS = NO;
				ENABLE_STRICT_OBJC_MSGSEND = YES;
				GCC_C_LANGUAGE_STANDARD = gnu99;
				GCC_NO_COMMON_BLOCKS = YES;
				GCC_WARN_64_TO_32_BIT_CONVERSION = YES;
				GCC_WARN_ABOUT_RETURN_TYPE = YES_ERROR;
				GCC_WARN_UNDECLARED_SELECTOR = YES;
				GCC_WARN_UNINITIALIZED_AUTOS = YES_AGGRESSIVE;
				GCC_WARN_UNUSED_FUNCTION = YES;
				GCC_WARN_UNUSED_VARIABLE = YES;
				IPHONEOS_DEPLOYMENT_TARGET = 9.3;
				MTL_ENABLE_DEBUG_INFO = NO;
				SDKROOT = iphoneos;
				TARGETED_DEVICE_FAMILY = "1,2";
				VALIDATE_PRODUCT = YES;
			};
			name = Release;
		};
		C5FBF42C1CD338AB00028253 /* Debug */ = {
			isa = XCBuildConfiguration;
			buildSettings = {
				ASSETCATALOG_COMPILER_APPICON_NAME = AppIcon;
				INFOPLIST_FILE = AssociateObjectTest/Info.plist;
				LD_RUNPATH_SEARCH_PATHS = "$(inherited) @executable_path/Frameworks";
				PRODUCT_BUNDLE_IDENTIFIER = mitake.AssociateObjectTest;
				PRODUCT_NAME = "$(TARGET_NAME)";
			};
			name = Debug;
		};
		C5FBF42D1CD338AB00028253 /* Release */ = {
			isa = XCBuildConfiguration;
			buildSettings = {
				ASSETCATALOG_COMPILER_APPICON_NAME = AppIcon;
				INFOPLIST_FILE = AssociateObjectTest/Info.plist;
				LD_RUNPATH_SEARCH_PATHS = "$(inherited) @executable_path/Frameworks";
				PRODUCT_BUNDLE_IDENTIFIER = mitake.AssociateObjectTest;
				PRODUCT_NAME = "$(TARGET_NAME)";
			};
			name = Release;
		};
/* End XCBuildConfiguration section */

/* Begin XCConfigurationList section */
		C5FBF40F1CD338AB00028253 /* Build configuration list for PBXProject "AssociateObjectTest" */ = {
			isa = XCConfigurationList;
			buildConfigurations = (
				C5FBF4291CD338AB00028253 /* Debug */,
				C5FBF42A1CD338AB00028253 /* Release */,
			);
			defaultConfigurationIsVisible = 0;
			defaultConfigurationName = Release;
		};
		C5FBF42B1CD338AB00028253 /* Build configuration list for PBXNativeTarget "AssociateObjectTest" */ = {
			isa = XCConfigurationList;
			buildConfigurations = (
				C5FBF42C1CD338AB00028253 /* Debug */,
				C5FBF42D1CD338AB00028253 /* Release */,
			);
			defaultConfigurationIsVisible = 0;
		};
/* End XCConfigurationList section */
	};
	rootObject = C5FBF40C1CD338AB00028253 /* Project object */;
}
